
Microsoft Visual Studio Solution File, Format Version 12.00
# Visual Studio Version 17
VisualStudioVersion = 17.14.36705.20
MinimumVisualStudioVersion = 10.0.40219.1
Project("{FAE04EC0-301F-11D3-BF4B-00C04F79EFBC}") = "API", "API\API.csproj", "{37476C4C-EBA1-438C-9EB1-902D35639670}"
EndProject
Project("{FAE04EC0-301F-11D3-BF4B-00C04F79EFBC}") = "SicilyLinesResa", "SicilyLinesResa\SicilyLinesResa.csproj", "{7B6046FC-F30E-4F21-59D8-91CA384FE028}"
EndProject
Global
	GlobalSection(SolutionConfigurationPlatforms) = preSolution
		Debug|Any CPU = Debug|Any CPU
		Release|Any CPU = Release|Any CPU
	EndGlobalSection
	GlobalSection(ProjectConfigurationPlatforms) = postSolution
		{37476C4C-EBA1-438C-9EB1-902D35639670}.Debug|Any CPU.ActiveCfg = Debug|Any CPU
		{37476C4C-EBA1-438C-9EB1-902D35639670}.Debug|Any CPU.Build.0 = Debug|Any CPU
		{37476C4C-EBA1-438C-9EB1-902D35639670}.Release|Any CPU.ActiveCfg = Release|Any CPU
		{37476C4C-EBA1-438C-9EB1-902D35639670}.Release|Any CPU.Build.0 = Release|Any CPU
		{7B6046FC-F30E-4F21-59D8-91CA384FE028}.Debug|Any CPU.ActiveCfg = Debug|Any CPU
		{7B6046FC-F30E-4F21-59D8-91CA384FE028}.Debug|Any CPU.Build.0 = Debug|Any CPU
		{7B6046FC-F30E-4F21-59D8-91CA384FE028}.Debug|Any CPU.Deploy.0 = Debug|Any CPU
		{7B6046FC-F30E-4F21-59D8-91CA384FE028}.Release|Any CPU.ActiveCfg = Release|Any CPU
		{7B6046FC-F30E-4F21-59D8-91CA384FE028}.Release|Any CPU.Build.0 = Release|Any CPU
		{7B6046FC-F30E-4F21-59D8-91CA384FE028}.Release|Any CPU.Deploy.0 = Release|Any CPU
	EndGlobalSection
	GlobalSection(SolutionProperties) = preSolution
		HideSolutionNode = FALSE
	EndGlobalSection
	GlobalSection(ExtensibilityGlobals) = postSolution
		SolutionGuid = {1F45158F-8927-457F-A7C2-BA47C9F684AC}
	EndGlobalSection
EndGlobal
